{
  "name": "simple2trad",
  "version": "1.0.0",
  "lockfileVersion": 1,
  "requires": true,
  "dependencies": {
    "cnchar": {
      "version": "3.0.3",
      "resolved": "https://registry.npmjs.org/cnchar/-/cnchar-3.0.3.tgz",
      "integrity": "sha512-Dl9ZZQcsc9UkeHy1pbuIMl3nXU0tlkkKHlXDERDbKKpybNJUZla+sPq5VwoEmPR92H41O7hUZ1nzZMhKPanmXg==",
      "requires": {
        "cnchar-types": "^3.0.3"
      }
    },
    "cnchar-trad": {
      "version": "3.0.3",
      "resolved": "https://registry.npmjs.org/cnchar-trad/-/cnchar-trad-3.0.3.tgz",
      "integrity": "sha512-g+xujnXr0YeEpzi8RvSxZmFKQTh0/PIdcw6TBcXXj4iyVTHG0FxSXnl7M8Z49tCTYIhJNj1KYHh1BoO7ZUquvw==",
      "requires": {
        "cnchar-types": "^3.0.3"
      }
    },
    "cnchar-types": {
      "version": "3.0.3",
      "resolved": "https://registry.npmjs.org/cnchar-types/-/cnchar-types-3.0.3.tgz",
      "integrity": "sha512-Is49/+qnUssuNOoxcGKplISJAOY+oXIk+9/edH32F9Zglxpp5oRuhFdJFvu6lRGrLjQ5Y8PDFkLEzXQb+XE4/g=="
    }
  }
}
